
Microsoft Visual Studio Solution File, Format Version 12.00
# Visual Studio 15
VisualStudioVersion = 15.0.28307.168
MinimumVisualStudioVersion = 10.0.40219.1
Project("{FAE04EC0-301F-11D3-BF4B-00C04F79EFBC}") = "LotteryTest", "LotteryTest\LotteryTest.csproj", "{3FD2A415-A98A-45F8-92CA-E167D5416D25}"
EndProject
Project("{2150E333-8FDC-42A3-9474-1A3956D46DE8}") = "Solution Items", "Solution Items", "{14D7BC9C-EB6D-470A-BE1D-3E1EF80540E0}"
	ProjectSection(SolutionItems) = preProject
		README.md = README.md
	EndProjectSection
EndProject
Global
	GlobalSection(SolutionConfigurationPlatforms) = preSolution
		Debug|Any CPU = Debug|Any CPU
		Release|Any CPU = Release|Any CPU
	EndGlobalSection
	GlobalSection(ProjectConfigurationPlatforms) = postSolution
		{3FD2A415-A98A-45F8-92CA-E167D5416D25}.Debug|Any CPU.ActiveCfg = Debug|Any CPU
		{3FD2A415-A98A-45F8-92CA-E167D5416D25}.Debug|Any CPU.Build.0 = Debug|Any CPU
		{3FD2A415-A98A-45F8-92CA-E167D5416D25}.Release|Any CPU.ActiveCfg = Release|Any CPU
		{3FD2A415-A98A-45F8-92CA-E167D5416D25}.Release|Any CPU.Build.0 = Release|Any CPU
	EndGlobalSection
	GlobalSection(SolutionProperties) = preSolution
		HideSolutionNode = FALSE
	EndGlobalSection
	GlobalSection(ExtensibilityGlobals) = postSolution
		SolutionGuid = {9C12C406-30C8-4270-A385-D1FFDBA587DF}
	EndGlobalSection
EndGlobal
